
Microsoft Visual Studio Solution File, Format Version 12.00
# Visual Studio Version 17
VisualStudioVersion = 17.5.33530.505
MinimumVisualStudioVersion = 10.0.40219.1
Project("{FAE04EC0-301F-11D3-BF4B-00C04F79EFBC}") = "auction", "auction\auction.csproj", "{A90D7DA3-B5DE-4556-AC39-AABEEFADC270}"
EndProject
Project("{FAE04EC0-301F-11D3-BF4B-00C04F79EFBC}") = "Auctions.Domain", "Auctions.Domain\Auctions.Domain.csproj", "{39EE732A-AB3E-4BEE-83EA-DD6208DF8C28}"
EndProject
Global
	GlobalSection(SolutionConfigurationPlatforms) = preSolution
		Debug|Any CPU = Debug|Any CPU
		Release|Any CPU = Release|Any CPU
	EndGlobalSection
	GlobalSection(ProjectConfigurationPlatforms) = postSolution
		{A90D7DA3-B5DE-4556-AC39-AABEEFADC270}.Debug|Any CPU.ActiveCfg = Debug|Any CPU
		{A90D7DA3-B5DE-4556-AC39-AABEEFADC270}.Debug|Any CPU.Build.0 = Debug|Any CPU
		{A90D7DA3-B5DE-4556-AC39-AABEEFADC270}.Release|Any CPU.ActiveCfg = Release|Any CPU
		{A90D7DA3-B5DE-4556-AC39-AABEEFADC270}.Release|Any CPU.Build.0 = Release|Any CPU
		{39EE732A-AB3E-4BEE-83EA-DD6208DF8C28}.Debug|Any CPU.ActiveCfg = Debug|Any CPU
		{39EE732A-AB3E-4BEE-83EA-DD6208DF8C28}.Debug|Any CPU.Build.0 = Debug|Any CPU
		{39EE732A-AB3E-4BEE-83EA-DD6208DF8C28}.Release|Any CPU.ActiveCfg = Release|Any CPU
		{39EE732A-AB3E-4BEE-83EA-DD6208DF8C28}.Release|Any CPU.Build.0 = Release|Any CPU
	EndGlobalSection
	GlobalSection(SolutionProperties) = preSolution
		HideSolutionNode = FALSE
	EndGlobalSection
	GlobalSection(ExtensibilityGlobals) = postSolution
		SolutionGuid = {947595E5-9E10-4E42-BA90-35DAC409949D}
	EndGlobalSection
EndGlobal
